
Microsoft Visual Studio Solution File, Format Version 12.00
# Visual Studio Version 17
VisualStudioVersion = 17.1.32210.238
MinimumVisualStudioVersion = 10.0.40219.1
Project("{FAE04EC0-301F-11D3-BF4B-00C04F79EFBC}") = "bigscreens_back_end", "bigscreens_back_end\bigscreens_back_end.csproj", "{2409A0CD-E06E-4708-A710-0B5CF1CA4DC5}"
EndProject
Global
	GlobalSection(SolutionConfigurationPlatforms) = preSolution
		Debug|Any CPU = Debug|Any CPU
		Release|Any CPU = Release|Any CPU
	EndGlobalSection
	GlobalSection(ProjectConfigurationPlatforms) = postSolution
		{2409A0CD-E06E-4708-A710-0B5CF1CA4DC5}.Debug|Any CPU.ActiveCfg = Debug|Any CPU
		{2409A0CD-E06E-4708-A710-0B5CF1CA4DC5}.Debug|Any CPU.Build.0 = Debug|Any CPU
		{2409A0CD-E06E-4708-A710-0B5CF1CA4DC5}.Release|Any CPU.ActiveCfg = Release|Any CPU
		{2409A0CD-E06E-4708-A710-0B5CF1CA4DC5}.Release|Any CPU.Build.0 = Release|Any CPU
	EndGlobalSection
	GlobalSection(SolutionProperties) = preSolution
		HideSolutionNode = FALSE
	EndGlobalSection
	GlobalSection(ExtensibilityGlobals) = postSolution
		SolutionGuid = {22BC9C43-258B-49D3-A4FD-3B3CEB8F2D17}
	EndGlobalSection
EndGlobal
